
Microsoft Visual Studio Solution File, Format Version 12.00
# Visual Studio Version 16
VisualStudioVersion = 16.0.30804.86
MinimumVisualStudioVersion = 10.0.40219.1
Project("{9A19103F-16F7-4668-BE54-9A1E7A4F7556}") = "CateringManagementPlatform.DAL", "CateringManagementPlatform.DAL\CateringManagementPlatform.DAL.csproj", "{21DF21F5-F317-4FFC-AC35-80E0386B8058}"
EndProject
Project("{9A19103F-16F7-4668-BE54-9A1E7A4F7556}") = "CateringManagementPlatform.API", "CateringManagementPlatform.API\CateringManagementPlatform.API.csproj", "{E4A814F5-CF4C-4426-A445-704D62F1D151}"
EndProject
Project("{9A19103F-16F7-4668-BE54-9A1E7A4F7556}") = "CateringManagementPlatform.Auth.API", "CateringManagementPlatform.Auth.API\CateringManagementPlatform.Auth.API.csproj", "{E2FE4BF1-64D0-4604-A408-6733AE68E960}"
EndProject
Project("{9A19103F-16F7-4668-BE54-9A1E7A4F7556}") = "CateringManagementPlatform.Auth.Common", "CateringManagementPlatform.Auth.Common\CateringManagementPlatform.Auth.Common.csproj", "{560E6FA5-FAA9-4C53-9B41-2B45EB7D335C}"
EndProject
Project("{FAE04EC0-301F-11D3-BF4B-00C04F79EFBC}") = "CateringManagementPlatform.BLL.AdminPanel", "CateringManagementPlatform.BLL.AdminPanel\CateringManagementPlatform.BLL.AdminPanel.csproj", "{9DB8C404-3CF5-4942-A6F4-E5929A19F7DF}"
EndProject
Global
	GlobalSection(SolutionConfigurationPlatforms) = preSolution
		Debug|Any CPU = Debug|Any CPU
		Release|Any CPU = Release|Any CPU
	EndGlobalSection
	GlobalSection(ProjectConfigurationPlatforms) = postSolution
		{21DF21F5-F317-4FFC-AC35-80E0386B8058}.Debug|Any CPU.ActiveCfg = Debug|Any CPU
		{21DF21F5-F317-4FFC-AC35-80E0386B8058}.Debug|Any CPU.Build.0 = Debug|Any CPU
		{21DF21F5-F317-4FFC-AC35-80E0386B8058}.Release|Any CPU.ActiveCfg = Release|Any CPU
		{21DF21F5-F317-4FFC-AC35-80E0386B8058}.Release|Any CPU.Build.0 = Release|Any CPU
		{E4A814F5-CF4C-4426-A445-704D62F1D151}.Debug|Any CPU.ActiveCfg = Debug|Any CPU
		{E4A814F5-CF4C-4426-A445-704D62F1D151}.Debug|Any CPU.Build.0 = Debug|Any CPU
		{E4A814F5-CF4C-4426-A445-704D62F1D151}.Release|Any CPU.ActiveCfg = Release|Any CPU
		{E4A814F5-CF4C-4426-A445-704D62F1D151}.Release|Any CPU.Build.0 = Release|Any CPU
		{E2FE4BF1-64D0-4604-A408-6733AE68E960}.Debug|Any CPU.ActiveCfg = Debug|Any CPU
		{E2FE4BF1-64D0-4604-A408-6733AE68E960}.Debug|Any CPU.Build.0 = Debug|Any CPU
		{E2FE4BF1-64D0-4604-A408-6733AE68E960}.Release|Any CPU.ActiveCfg = Release|Any CPU
		{E2FE4BF1-64D0-4604-A408-6733AE68E960}.Release|Any CPU.Build.0 = Release|Any CPU
		{560E6FA5-FAA9-4C53-9B41-2B45EB7D335C}.Debug|Any CPU.ActiveCfg = Debug|Any CPU
		{560E6FA5-FAA9-4C53-9B41-2B45EB7D335C}.Debug|Any CPU.Build.0 = Debug|Any CPU
		{560E6FA5-FAA9-4C53-9B41-2B45EB7D335C}.Release|Any CPU.ActiveCfg = Release|Any CPU
		{560E6FA5-FAA9-4C53-9B41-2B45EB7D335C}.Release|Any CPU.Build.0 = Release|Any CPU
		{9DB8C404-3CF5-4942-A6F4-E5929A19F7DF}.Debug|Any CPU.ActiveCfg = Debug|Any CPU
		{9DB8C404-3CF5-4942-A6F4-E5929A19F7DF}.Debug|Any CPU.Build.0 = Debug|Any CPU
		{9DB8C404-3CF5-4942-A6F4-E5929A19F7DF}.Release|Any CPU.ActiveCfg = Release|Any CPU
		{9DB8C404-3CF5-4942-A6F4-E5929A19F7DF}.Release|Any CPU.Build.0 = Release|Any CPU
	EndGlobalSection
	GlobalSection(SolutionProperties) = preSolution
		HideSolutionNode = FALSE
	EndGlobalSection
	GlobalSection(ExtensibilityGlobals) = postSolution
		SolutionGuid = {A3704CBC-C526-419A-89B3-324DF3730AD6}
	EndGlobalSection
EndGlobal
